
Microsoft Visual Studio Solution File, Format Version 12.00
# Visual Studio 2012
Project("{FAE04EC0-301F-11D3-BF4B-00C04F79EFBC}") = "MultiplayerWebChess", "MultiplayerWebChess\MultiplayerWebChess.csproj", "{AC367A48-9BEE-42FF-A389-3A80C8C4944F}"
EndProject
Project("{FAE04EC0-301F-11D3-BF4B-00C04F79EFBC}") = "MultiplayerWebChess.Domain", "MultiplayerWebChess.Domain\MultiplayerWebChess.Domain.csproj", "{98304AF3-DA29-4166-B9E6-7B97E0410441}"
EndProject
Project("{FAE04EC0-301F-11D3-BF4B-00C04F79EFBC}") = "MultiplayerWebChess.Tests", "MultiplayerWebChess.Tests\MultiplayerWebChess.Tests.csproj", "{A0BC14C1-C180-47E1-80DB-60545520DDEF}"
EndProject
Global
	GlobalSection(SolutionConfigurationPlatforms) = preSolution
		Debug|Any CPU = Debug|Any CPU
		Release|Any CPU = Release|Any CPU
	EndGlobalSection
	GlobalSection(ProjectConfigurationPlatforms) = postSolution
		{AC367A48-9BEE-42FF-A389-3A80C8C4944F}.Debug|Any CPU.ActiveCfg = Debug|Any CPU
		{AC367A48-9BEE-42FF-A389-3A80C8C4944F}.Debug|Any CPU.Build.0 = Debug|Any CPU
		{AC367A48-9BEE-42FF-A389-3A80C8C4944F}.Release|Any CPU.ActiveCfg = Release|Any CPU
		{AC367A48-9BEE-42FF-A389-3A80C8C4944F}.Release|Any CPU.Build.0 = Release|Any CPU
		{98304AF3-DA29-4166-B9E6-7B97E0410441}.Debug|Any CPU.ActiveCfg = Debug|Any CPU
		{98304AF3-DA29-4166-B9E6-7B97E0410441}.Debug|Any CPU.Build.0 = Debug|Any CPU
		{98304AF3-DA29-4166-B9E6-7B97E0410441}.Release|Any CPU.ActiveCfg = Release|Any CPU
		{98304AF3-DA29-4166-B9E6-7B97E0410441}.Release|Any CPU.Build.0 = Release|Any CPU
		{A0BC14C1-C180-47E1-80DB-60545520DDEF}.Debug|Any CPU.ActiveCfg = Debug|Any CPU
		{A0BC14C1-C180-47E1-80DB-60545520DDEF}.Debug|Any CPU.Build.0 = Debug|Any CPU
		{A0BC14C1-C180-47E1-80DB-60545520DDEF}.Release|Any CPU.ActiveCfg = Release|Any CPU
		{A0BC14C1-C180-47E1-80DB-60545520DDEF}.Release|Any CPU.Build.0 = Release|Any CPU
	EndGlobalSection
	GlobalSection(SolutionProperties) = preSolution
		HideSolutionNode = FALSE
	EndGlobalSection
EndGlobal
